# This file is automatically @generated by Poetry 1.8.3 and should not be changed by hand.

[[package]]
name = "result"
version = "0.17.0"
description = "A Rust-like result type for Python"
optional = false
python-versions = ">=3.8"
files = [
    {file = "result-0.17.0-py3-none-any.whl", hash = "sha256:49fd668b4951ad15800b8ccefd98b6b94effc789607e19c65064b775570933e8"},
    {file = "result-0.17.0.tar.gz", hash = "sha256:b73da420c0cb1a3bf741dbd41ff96dedafaad6a1b3ef437a9e33e380bb0d91cf"},
]

[metadata]
lock-version = "2.0"
python-versions = "^3.12"
content-hash = "b00cb8ec3e488fd6a6c0e19dfa5eb54ddebd84b82a425c73dc78189cf111f34b"
